
Microsoft Visual Studio Solution File, Format Version 12.00
# Visual Studio Version 16
VisualStudioVersion = 16.0.30002.166
MinimumVisualStudioVersion = 10.0.40219.1
Project("{FAE04EC0-301F-11D3-BF4B-00C04F79EFBC}") = "GettingStarted", "GettingStarted.csproj", "{B48D6DA8-4C97-495C-A6BF-0AA3CD9F3129}"
EndProject
Global
	GlobalSection(SolutionConfigurationPlatforms) = preSolution
		Debug|iPhone = Debug|iPhone
		Debug|iPhoneSimulator = Debug|iPhoneSimulator
		Release|iPhone = Release|iPhone
		Release|iPhoneSimulator = Release|iPhoneSimulator
	EndGlobalSection
	GlobalSection(ProjectConfigurationPlatforms) = postSolution
		{B48D6DA8-4C97-495C-A6BF-0AA3CD9F3129}.Debug|iPhone.ActiveCfg = Debug|iPhone
		{B48D6DA8-4C97-495C-A6BF-0AA3CD9F3129}.Debug|iPhone.Build.0 = Debug|iPhone
		{B48D6DA8-4C97-495C-A6BF-0AA3CD9F3129}.Debug|iPhoneSimulator.ActiveCfg = Debug|iPhoneSimulator
		{B48D6DA8-4C97-495C-A6BF-0AA3CD9F3129}.Debug|iPhoneSimulator.Build.0 = Debug|iPhoneSimulator
		{B48D6DA8-4C97-495C-A6BF-0AA3CD9F3129}.Release|iPhone.ActiveCfg = Release|iPhone
		{B48D6DA8-4C97-495C-A6BF-0AA3CD9F3129}.Release|iPhone.Build.0 = Release|iPhone
		{B48D6DA8-4C97-495C-A6BF-0AA3CD9F3129}.Release|iPhoneSimulator.ActiveCfg = Release|iPhoneSimulator
		{B48D6DA8-4C97-495C-A6BF-0AA3CD9F3129}.Release|iPhoneSimulator.Build.0 = Release|iPhoneSimulator
	EndGlobalSection
	GlobalSection(SolutionProperties) = preSolution
		HideSolutionNode = FALSE
	EndGlobalSection
	GlobalSection(ExtensibilityGlobals) = postSolution
		SolutionGuid = {0FE8836D-DD76-47FE-9BD7-9D213CE7B39C}
	EndGlobalSection
EndGlobal
