
Microsoft Visual Studio Solution File, Format Version 12.00
# Visual Studio 15
VisualStudioVersion = 15.0.28307.421
MinimumVisualStudioVersion = 10.0.40219.1
Project("{FAE04EC0-301F-11D3-BF4B-00C04F79EFBC}") = "ThinkGeoMBTilesMapsSample", "ThinkGeoMBTilesMapsSample\ThinkGeoMBTilesMapsSample.csproj", "{D903745B-328C-4A9D-BB97-660A4063365D}"
EndProject
Global
	GlobalSection(SolutionConfigurationPlatforms) = preSolution
		Debug|Any CPU = Debug|Any CPU
		Release|Any CPU = Release|Any CPU
	EndGlobalSection
	GlobalSection(ProjectConfigurationPlatforms) = postSolution
		{D903745B-328C-4A9D-BB97-660A4063365D}.Debug|Any CPU.ActiveCfg = Debug|Any CPU
		{D903745B-328C-4A9D-BB97-660A4063365D}.Debug|Any CPU.Build.0 = Debug|Any CPU
		{D903745B-328C-4A9D-BB97-660A4063365D}.Debug|Any CPU.Deploy.0 = Debug|Any CPU
		{D903745B-328C-4A9D-BB97-660A4063365D}.Release|Any CPU.ActiveCfg = Release|Any CPU
		{D903745B-328C-4A9D-BB97-660A4063365D}.Release|Any CPU.Build.0 = Release|Any CPU
		{D903745B-328C-4A9D-BB97-660A4063365D}.Release|Any CPU.Deploy.0 = Release|Any CPU
	EndGlobalSection
	GlobalSection(SolutionProperties) = preSolution
		HideSolutionNode = FALSE
	EndGlobalSection
	GlobalSection(ExtensibilityGlobals) = postSolution
		SolutionGuid = {9D0114BC-9701-448F-8A4A-D233710418D9}
	EndGlobalSection
EndGlobal
