
Microsoft Visual Studio Solution File, Format Version 12.00
# Visual Studio Version 16
VisualStudioVersion = 16.0.30002.166
MinimumVisualStudioVersion = 10.0.40219.1
Project("{FAE04EC0-301F-11D3-BF4B-00C04F79EFBC}") = "LabelingStyle", "LabelingStyle\LabelingStyle.csproj", "{AF60DE1D-CD21-4C65-8D6C-8C86EB9797DF}"
EndProject
Project("{9A19103F-16F7-4668-BE54-9A1E7A4F7556}") = "ThinkGeo.Core", "..\..\..\..\..\ThinkGeoSDKs\ThinkGeo.Core\Core\ThinkGeo.Core.csproj", "{A2BF65AA-6008-4192-A746-CADDF2A85EC8}"
EndProject
Project("{FAE04EC0-301F-11D3-BF4B-00C04F79EFBC}") = "ThinkGeo.UI.Android", "..\..\..\..\..\ThinkGeoSDKs\ThinkGeo.UI\Android\AndroidSDK\ThinkGeo.UI.Android.csproj", "{A98F6B79-61B7-4D32-9040-5F3EB2B69611}"
EndProject
Global
	GlobalSection(SolutionConfigurationPlatforms) = preSolution
		Debug_License|Any CPU = Debug_License|Any CPU
		Debug|Any CPU = Debug|Any CPU
		Release|Any CPU = Release|Any CPU
	EndGlobalSection
	GlobalSection(ProjectConfigurationPlatforms) = postSolution
		{AF60DE1D-CD21-4C65-8D6C-8C86EB9797DF}.Debug_License|Any CPU.ActiveCfg = Debug|Any CPU
		{AF60DE1D-CD21-4C65-8D6C-8C86EB9797DF}.Debug_License|Any CPU.Build.0 = Debug|Any CPU
		{AF60DE1D-CD21-4C65-8D6C-8C86EB9797DF}.Debug_License|Any CPU.Deploy.0 = Debug|Any CPU
		{AF60DE1D-CD21-4C65-8D6C-8C86EB9797DF}.Debug|Any CPU.ActiveCfg = Debug|Any CPU
		{AF60DE1D-CD21-4C65-8D6C-8C86EB9797DF}.Debug|Any CPU.Build.0 = Debug|Any CPU
		{AF60DE1D-CD21-4C65-8D6C-8C86EB9797DF}.Debug|Any CPU.Deploy.0 = Debug|Any CPU
		{AF60DE1D-CD21-4C65-8D6C-8C86EB9797DF}.Release|Any CPU.ActiveCfg = Release|Any CPU
		{AF60DE1D-CD21-4C65-8D6C-8C86EB9797DF}.Release|Any CPU.Build.0 = Release|Any CPU
		{AF60DE1D-CD21-4C65-8D6C-8C86EB9797DF}.Release|Any CPU.Deploy.0 = Release|Any CPU
		{A2BF65AA-6008-4192-A746-CADDF2A85EC8}.Debug_License|Any CPU.ActiveCfg = Debug_License|Any CPU
		{A2BF65AA-6008-4192-A746-CADDF2A85EC8}.Debug_License|Any CPU.Build.0 = Debug_License|Any CPU
		{A2BF65AA-6008-4192-A746-CADDF2A85EC8}.Debug|Any CPU.ActiveCfg = Debug|Any CPU
		{A2BF65AA-6008-4192-A746-CADDF2A85EC8}.Debug|Any CPU.Build.0 = Debug|Any CPU
		{A2BF65AA-6008-4192-A746-CADDF2A85EC8}.Release|Any CPU.ActiveCfg = Release|Any CPU
		{A2BF65AA-6008-4192-A746-CADDF2A85EC8}.Release|Any CPU.Build.0 = Release|Any CPU
		{A98F6B79-61B7-4D32-9040-5F3EB2B69611}.Debug_License|Any CPU.ActiveCfg = Debug_License|Any CPU
		{A98F6B79-61B7-4D32-9040-5F3EB2B69611}.Debug_License|Any CPU.Build.0 = Debug_License|Any CPU
		{A98F6B79-61B7-4D32-9040-5F3EB2B69611}.Debug|Any CPU.ActiveCfg = Debug|Any CPU
		{A98F6B79-61B7-4D32-9040-5F3EB2B69611}.Debug|Any CPU.Build.0 = Debug|Any CPU
		{A98F6B79-61B7-4D32-9040-5F3EB2B69611}.Release|Any CPU.ActiveCfg = Release|Any CPU
		{A98F6B79-61B7-4D32-9040-5F3EB2B69611}.Release|Any CPU.Build.0 = Release|Any CPU
	EndGlobalSection
	GlobalSection(SolutionProperties) = preSolution
		HideSolutionNode = FALSE
	EndGlobalSection
	GlobalSection(ExtensibilityGlobals) = postSolution
		SolutionGuid = {984E3D13-13DF-4645-A286-5F94B883369B}
	EndGlobalSection
EndGlobal
