
Microsoft Visual Studio Solution File, Format Version 12.00
# Visual Studio 15
VisualStudioVersion = 15.0.28307.136
MinimumVisualStudioVersion = 10.0.40219.1
Project("{FAE04EC0-301F-11D3-BF4B-00C04F79EFBC}") = "GeometricFunctions", "GeometricFunctions\GeometricFunctions.csproj", "{7F1D76AC-5A80-41B3-BCDE-E38A38854105}"
EndProject
Global
	GlobalSection(SolutionConfigurationPlatforms) = preSolution
		Debug|iPhone = Debug|iPhone
		Debug|iPhoneSimulator = Debug|iPhoneSimulator
		Release|iPhone = Release|iPhone
		Release|iPhoneSimulator = Release|iPhoneSimulator
	EndGlobalSection
	GlobalSection(ProjectConfigurationPlatforms) = postSolution
		{7F1D76AC-5A80-41B3-BCDE-E38A38854105}.Debug|iPhone.ActiveCfg = Debug|iPhone
		{7F1D76AC-5A80-41B3-BCDE-E38A38854105}.Debug|iPhone.Build.0 = Debug|iPhone
		{7F1D76AC-5A80-41B3-BCDE-E38A38854105}.Debug|iPhoneSimulator.ActiveCfg = Debug|iPhoneSimulator
		{7F1D76AC-5A80-41B3-BCDE-E38A38854105}.Debug|iPhoneSimulator.Build.0 = Debug|iPhoneSimulator
		{7F1D76AC-5A80-41B3-BCDE-E38A38854105}.Release|iPhone.ActiveCfg = Release|iPhone
		{7F1D76AC-5A80-41B3-BCDE-E38A38854105}.Release|iPhone.Build.0 = Release|iPhone
		{7F1D76AC-5A80-41B3-BCDE-E38A38854105}.Release|iPhoneSimulator.ActiveCfg = Release|iPhoneSimulator
		{7F1D76AC-5A80-41B3-BCDE-E38A38854105}.Release|iPhoneSimulator.Build.0 = Release|iPhoneSimulator
	EndGlobalSection
	GlobalSection(SolutionProperties) = preSolution
		HideSolutionNode = FALSE
	EndGlobalSection
	GlobalSection(ExtensibilityGlobals) = postSolution
		SolutionGuid = {79E1E70F-7C89-491E-928A-AFC0DEE2E6EA}
	EndGlobalSection
EndGlobal
