
Microsoft Visual Studio Solution File, Format Version 12.00
# Visual Studio Version 17
VisualStudioVersion = 17.6.33815.320
MinimumVisualStudioVersion = 10.0.40219.1
Project("{FAE04EC0-301F-11D3-BF4B-00C04F79EFBC}") = "XamarinFormsSample.Android", "XamarinFormsSample\XamarinFormsSample.Android\XamarinFormsSample.Android.csproj", "{7354C237-7A94-48A5-B767-66DC6BF1A62D}"
EndProject
Project("{FAE04EC0-301F-11D3-BF4B-00C04F79EFBC}") = "XamarinFormsSample.iOS", "XamarinFormsSample\XamarinFormsSample.iOS\XamarinFormsSample.iOS.csproj", "{138B16E5-CA2B-432C-B285-1B6047BC5CCE}"
EndProject
Project("{FAE04EC0-301F-11D3-BF4B-00C04F79EFBC}") = "XamarinFormsSample", "XamarinFormsSample\XamarinFormsSample\XamarinFormsSample.csproj", "{019F211B-D4DC-47E1-B5B9-75BC7CBB9AD4}"
EndProject
Global
	GlobalSection(SolutionConfigurationPlatforms) = preSolution
		Debug|Any CPU = Debug|Any CPU
		Debug|iPhone = Debug|iPhone
		Debug|iPhoneSimulator = Debug|iPhoneSimulator
		Release|Any CPU = Release|Any CPU
		Release|iPhone = Release|iPhone
		Release|iPhoneSimulator = Release|iPhoneSimulator
	EndGlobalSection
	GlobalSection(ProjectConfigurationPlatforms) = postSolution
		{7354C237-7A94-48A5-B767-66DC6BF1A62D}.Debug|Any CPU.ActiveCfg = Debug|Any CPU
		{7354C237-7A94-48A5-B767-66DC6BF1A62D}.Debug|Any CPU.Build.0 = Debug|Any CPU
		{7354C237-7A94-48A5-B767-66DC6BF1A62D}.Debug|Any CPU.Deploy.0 = Debug|Any CPU
		{7354C237-7A94-48A5-B767-66DC6BF1A62D}.Debug|iPhone.ActiveCfg = Debug|Any CPU
		{7354C237-7A94-48A5-B767-66DC6BF1A62D}.Debug|iPhone.Build.0 = Debug|Any CPU
		{7354C237-7A94-48A5-B767-66DC6BF1A62D}.Debug|iPhone.Deploy.0 = Debug|Any CPU
		{7354C237-7A94-48A5-B767-66DC6BF1A62D}.Debug|iPhoneSimulator.ActiveCfg = Debug|Any CPU
		{7354C237-7A94-48A5-B767-66DC6BF1A62D}.Debug|iPhoneSimulator.Build.0 = Debug|Any CPU
		{7354C237-7A94-48A5-B767-66DC6BF1A62D}.Debug|iPhoneSimulator.Deploy.0 = Debug|Any CPU
		{7354C237-7A94-48A5-B767-66DC6BF1A62D}.Release|Any CPU.ActiveCfg = Release|Any CPU
		{7354C237-7A94-48A5-B767-66DC6BF1A62D}.Release|Any CPU.Build.0 = Release|Any CPU
		{7354C237-7A94-48A5-B767-66DC6BF1A62D}.Release|Any CPU.Deploy.0 = Release|Any CPU
		{7354C237-7A94-48A5-B767-66DC6BF1A62D}.Release|iPhone.ActiveCfg = Release|Any CPU
		{7354C237-7A94-48A5-B767-66DC6BF1A62D}.Release|iPhone.Build.0 = Release|Any CPU
		{7354C237-7A94-48A5-B767-66DC6BF1A62D}.Release|iPhone.Deploy.0 = Release|Any CPU
		{7354C237-7A94-48A5-B767-66DC6BF1A62D}.Release|iPhoneSimulator.ActiveCfg = Release|Any CPU
		{7354C237-7A94-48A5-B767-66DC6BF1A62D}.Release|iPhoneSimulator.Build.0 = Release|Any CPU
		{7354C237-7A94-48A5-B767-66DC6BF1A62D}.Release|iPhoneSimulator.Deploy.0 = Release|Any CPU
		{138B16E5-CA2B-432C-B285-1B6047BC5CCE}.Debug|Any CPU.ActiveCfg = Debug|iPhone
		{138B16E5-CA2B-432C-B285-1B6047BC5CCE}.Debug|Any CPU.Build.0 = Debug|iPhone
		{138B16E5-CA2B-432C-B285-1B6047BC5CCE}.Debug|Any CPU.Deploy.0 = Debug|iPhone
		{138B16E5-CA2B-432C-B285-1B6047BC5CCE}.Debug|iPhone.ActiveCfg = Debug|iPhone
		{138B16E5-CA2B-432C-B285-1B6047BC5CCE}.Debug|iPhone.Build.0 = Debug|iPhone
		{138B16E5-CA2B-432C-B285-1B6047BC5CCE}.Debug|iPhone.Deploy.0 = Debug|iPhone
		{138B16E5-CA2B-432C-B285-1B6047BC5CCE}.Debug|iPhoneSimulator.ActiveCfg = Debug|iPhoneSimulator
		{138B16E5-CA2B-432C-B285-1B6047BC5CCE}.Debug|iPhoneSimulator.Build.0 = Debug|iPhoneSimulator
		{138B16E5-CA2B-432C-B285-1B6047BC5CCE}.Debug|iPhoneSimulator.Deploy.0 = Debug|iPhoneSimulator
		{138B16E5-CA2B-432C-B285-1B6047BC5CCE}.Release|Any CPU.ActiveCfg = Release|iPhoneSimulator
		{138B16E5-CA2B-432C-B285-1B6047BC5CCE}.Release|Any CPU.Build.0 = Release|iPhoneSimulator
		{138B16E5-CA2B-432C-B285-1B6047BC5CCE}.Release|Any CPU.Deploy.0 = Release|iPhoneSimulator
		{138B16E5-CA2B-432C-B285-1B6047BC5CCE}.Release|iPhone.ActiveCfg = Release|iPhone
		{138B16E5-CA2B-432C-B285-1B6047BC5CCE}.Release|iPhone.Build.0 = Release|iPhone
		{138B16E5-CA2B-432C-B285-1B6047BC5CCE}.Release|iPhone.Deploy.0 = Release|iPhone
		{138B16E5-CA2B-432C-B285-1B6047BC5CCE}.Release|iPhoneSimulator.ActiveCfg = Release|iPhoneSimulator
		{138B16E5-CA2B-432C-B285-1B6047BC5CCE}.Release|iPhoneSimulator.Build.0 = Release|iPhoneSimulator
		{138B16E5-CA2B-432C-B285-1B6047BC5CCE}.Release|iPhoneSimulator.Deploy.0 = Release|iPhoneSimulator
		{019F211B-D4DC-47E1-B5B9-75BC7CBB9AD4}.Debug|Any CPU.ActiveCfg = Debug|Any CPU
		{019F211B-D4DC-47E1-B5B9-75BC7CBB9AD4}.Debug|Any CPU.Build.0 = Debug|Any CPU
		{019F211B-D4DC-47E1-B5B9-75BC7CBB9AD4}.Debug|Any CPU.Deploy.0 = Debug|Any CPU
		{019F211B-D4DC-47E1-B5B9-75BC7CBB9AD4}.Debug|iPhone.ActiveCfg = Debug|Any CPU
		{019F211B-D4DC-47E1-B5B9-75BC7CBB9AD4}.Debug|iPhone.Build.0 = Debug|Any CPU
		{019F211B-D4DC-47E1-B5B9-75BC7CBB9AD4}.Debug|iPhone.Deploy.0 = Debug|Any CPU
		{019F211B-D4DC-47E1-B5B9-75BC7CBB9AD4}.Debug|iPhoneSimulator.ActiveCfg = Debug|Any CPU
		{019F211B-D4DC-47E1-B5B9-75BC7CBB9AD4}.Debug|iPhoneSimulator.Build.0 = Debug|Any CPU
		{019F211B-D4DC-47E1-B5B9-75BC7CBB9AD4}.Debug|iPhoneSimulator.Deploy.0 = Debug|Any CPU
		{019F211B-D4DC-47E1-B5B9-75BC7CBB9AD4}.Release|Any CPU.ActiveCfg = Release|Any CPU
		{019F211B-D4DC-47E1-B5B9-75BC7CBB9AD4}.Release|Any CPU.Build.0 = Release|Any CPU
		{019F211B-D4DC-47E1-B5B9-75BC7CBB9AD4}.Release|Any CPU.Deploy.0 = Release|Any CPU
		{019F211B-D4DC-47E1-B5B9-75BC7CBB9AD4}.Release|iPhone.ActiveCfg = Release|Any CPU
		{019F211B-D4DC-47E1-B5B9-75BC7CBB9AD4}.Release|iPhone.Build.0 = Release|Any CPU
		{019F211B-D4DC-47E1-B5B9-75BC7CBB9AD4}.Release|iPhone.Deploy.0 = Release|Any CPU
		{019F211B-D4DC-47E1-B5B9-75BC7CBB9AD4}.Release|iPhoneSimulator.ActiveCfg = Release|Any CPU
		{019F211B-D4DC-47E1-B5B9-75BC7CBB9AD4}.Release|iPhoneSimulator.Build.0 = Release|Any CPU
		{019F211B-D4DC-47E1-B5B9-75BC7CBB9AD4}.Release|iPhoneSimulator.Deploy.0 = Release|Any CPU
	EndGlobalSection
	GlobalSection(SolutionProperties) = preSolution
		HideSolutionNode = FALSE
	EndGlobalSection
	GlobalSection(ExtensibilityGlobals) = postSolution
		SolutionGuid = {FEEFA720-DECE-4734-A1C6-737FCD50EED4}
	EndGlobalSection
EndGlobal
